
Microsoft Visual Studio Solution File, Format Version 12.00
# Visual Studio Version 17
VisualStudioVersion = 17.5.002.0
MinimumVisualStudioVersion = 10.0.40219.1
Project("{9A19103F-16F7-4668-BE54-9A1E7A4F7556}") = "MovieLibrary", "MovieLibrary.csproj", "{9D62432B-161B-4AAA-9884-417196279ECA}"
EndProject
Global
	GlobalSection(SolutionConfigurationPlatforms) = preSolution
		Debug|Any CPU = Debug|Any CPU
		Release|Any CPU = Release|Any CPU
	EndGlobalSection
	GlobalSection(ProjectConfigurationPlatforms) = postSolution
		{9D62432B-161B-4AAA-9884-417196279ECA}.Debug|Any CPU.ActiveCfg = Debug|Any CPU
		{9D62432B-161B-4AAA-9884-417196279ECA}.Debug|Any CPU.Build.0 = Debug|Any CPU
		{9D62432B-161B-4AAA-9884-417196279ECA}.Release|Any CPU.ActiveCfg = Release|Any CPU
		{9D62432B-161B-4AAA-9884-417196279ECA}.Release|Any CPU.Build.0 = Release|Any CPU
	EndGlobalSection
	GlobalSection(SolutionProperties) = preSolution
		HideSolutionNode = FALSE
	EndGlobalSection
	GlobalSection(ExtensibilityGlobals) = postSolution
		SolutionGuid = {7A775CB3-3822-4F67-A019-5A977F39CF32}
	EndGlobalSection
EndGlobal
